
Microsoft Visual Studio Solution File, Format Version 12.00
# Visual Studio 15
VisualStudioVersion = 15.0.26430.6
MinimumVisualStudioVersion = 10.0.40219.1
Project("{FAE04EC0-301F-11D3-BF4B-00C04F79EFBC}") = "NotifySecOutllok2010", "NotifySecOutlook2010\NotifySecOutllok2010.csproj", "{CEBC64E1-B4E3-4C6E-8601-6D08E973031D}"
EndProject
Project("{930C7802-8A8C-48F9-8165-68863BCCD9DD}") = "SetupProject32", "SetupProject1\SetupProject32.wixproj", "{8B420FA6-8D30-4BAE-8045-9D641039AD31}"
EndProject
Project("{930C7802-8A8C-48F9-8165-68863BCCD9DD}") = "SetupProject64", "SetupProject2\SetupProject64.wixproj", "{87FD9980-4622-4784-A2AF-819D7331A323}"
EndProject
Global
	GlobalSection(SolutionConfigurationPlatforms) = preSolution
		CD_ROM|Any CPU = CD_ROM|Any CPU
		CD_ROM|Default = CD_ROM|Default
		CD_ROM|x64 = CD_ROM|x64
		CD_ROM|x86 = CD_ROM|x86
		Custom|Any CPU = Custom|Any CPU
		Custom|Default = Custom|Default
		Custom|x64 = Custom|x64
		Custom|x86 = Custom|x86
		Debug|Any CPU = Debug|Any CPU
		Debug|Default = Debug|Default
		Debug|x64 = Debug|x64
		Debug|x86 = Debug|x86
		DVD-10|Any CPU = DVD-10|Any CPU
		DVD-10|Default = DVD-10|Default
		DVD-10|x64 = DVD-10|x64
		DVD-10|x86 = DVD-10|x86
		Release|Any CPU = Release|Any CPU
		Release|Default = Release|Default
		Release|x64 = Release|x64
		Release|x86 = Release|x86
	EndGlobalSection
	GlobalSection(ProjectConfigurationPlatforms) = postSolution
		{CEBC64E1-B4E3-4C6E-8601-6D08E973031D}.CD_ROM|Any CPU.ActiveCfg = Release|Any CPU
		{CEBC64E1-B4E3-4C6E-8601-6D08E973031D}.CD_ROM|Any CPU.Build.0 = Release|Any CPU
		{CEBC64E1-B4E3-4C6E-8601-6D08E973031D}.CD_ROM|Default.ActiveCfg = Debug|Any CPU
		{CEBC64E1-B4E3-4C6E-8601-6D08E973031D}.CD_ROM|Default.Build.0 = Debug|Any CPU
		{CEBC64E1-B4E3-4C6E-8601-6D08E973031D}.CD_ROM|x64.ActiveCfg = Debug|Any CPU
		{CEBC64E1-B4E3-4C6E-8601-6D08E973031D}.CD_ROM|x64.Build.0 = Debug|Any CPU
		{CEBC64E1-B4E3-4C6E-8601-6D08E973031D}.CD_ROM|x86.ActiveCfg = Debug|Any CPU
		{CEBC64E1-B4E3-4C6E-8601-6D08E973031D}.CD_ROM|x86.Build.0 = Debug|Any CPU
		{CEBC64E1-B4E3-4C6E-8601-6D08E973031D}.Custom|Any CPU.ActiveCfg = Debug|Any CPU
		{CEBC64E1-B4E3-4C6E-8601-6D08E973031D}.Custom|Any CPU.Build.0 = Debug|Any CPU
		{CEBC64E1-B4E3-4C6E-8601-6D08E973031D}.Custom|Default.ActiveCfg = Debug|Any CPU
		{CEBC64E1-B4E3-4C6E-8601-6D08E973031D}.Custom|Default.Build.0 = Debug|Any CPU
		{CEBC64E1-B4E3-4C6E-8601-6D08E973031D}.Custom|x64.ActiveCfg = Debug|Any CPU
		{CEBC64E1-B4E3-4C6E-8601-6D08E973031D}.Custom|x64.Build.0 = Debug|Any CPU
		{CEBC64E1-B4E3-4C6E-8601-6D08E973031D}.Custom|x86.ActiveCfg = Debug|Any CPU
		{CEBC64E1-B4E3-4C6E-8601-6D08E973031D}.Custom|x86.Build.0 = Debug|Any CPU
		{CEBC64E1-B4E3-4C6E-8601-6D08E973031D}.Debug|Any CPU.ActiveCfg = Debug|Any CPU
		{CEBC64E1-B4E3-4C6E-8601-6D08E973031D}.Debug|Any CPU.Build.0 = Debug|Any CPU
		{CEBC64E1-B4E3-4C6E-8601-6D08E973031D}.Debug|Default.ActiveCfg = Debug|Any CPU
		{CEBC64E1-B4E3-4C6E-8601-6D08E973031D}.Debug|Default.Build.0 = Debug|Any CPU
		{CEBC64E1-B4E3-4C6E-8601-6D08E973031D}.Debug|x64.ActiveCfg = Debug|Any CPU
		{CEBC64E1-B4E3-4C6E-8601-6D08E973031D}.Debug|x64.Build.0 = Debug|Any CPU
		{CEBC64E1-B4E3-4C6E-8601-6D08E973031D}.Debug|x86.ActiveCfg = Debug|Any CPU
		{CEBC64E1-B4E3-4C6E-8601-6D08E973031D}.Debug|x86.Build.0 = Debug|Any CPU
		{CEBC64E1-B4E3-4C6E-8601-6D08E973031D}.DVD-10|Any CPU.ActiveCfg = Debug|Any CPU
		{CEBC64E1-B4E3-4C6E-8601-6D08E973031D}.DVD-10|Any CPU.Build.0 = Debug|Any CPU
		{CEBC64E1-B4E3-4C6E-8601-6D08E973031D}.DVD-10|Default.ActiveCfg = Debug|Any CPU
		{CEBC64E1-B4E3-4C6E-8601-6D08E973031D}.DVD-10|Default.Build.0 = Debug|Any CPU
		{CEBC64E1-B4E3-4C6E-8601-6D08E973031D}.DVD-10|x64.ActiveCfg = Debug|Any CPU
		{CEBC64E1-B4E3-4C6E-8601-6D08E973031D}.DVD-10|x64.Build.0 = Debug|Any CPU
		{CEBC64E1-B4E3-4C6E-8601-6D08E973031D}.DVD-10|x86.ActiveCfg = Debug|Any CPU
		{CEBC64E1-B4E3-4C6E-8601-6D08E973031D}.DVD-10|x86.Build.0 = Debug|Any CPU
		{CEBC64E1-B4E3-4C6E-8601-6D08E973031D}.Release|Any CPU.ActiveCfg = Release|Any CPU
		{CEBC64E1-B4E3-4C6E-8601-6D08E973031D}.Release|Any CPU.Build.0 = Release|Any CPU
		{CEBC64E1-B4E3-4C6E-8601-6D08E973031D}.Release|Default.ActiveCfg = Release|Any CPU
		{CEBC64E1-B4E3-4C6E-8601-6D08E973031D}.Release|Default.Build.0 = Release|Any CPU
		{CEBC64E1-B4E3-4C6E-8601-6D08E973031D}.Release|x64.ActiveCfg = Release|Any CPU
		{CEBC64E1-B4E3-4C6E-8601-6D08E973031D}.Release|x64.Build.0 = Release|Any CPU
		{CEBC64E1-B4E3-4C6E-8601-6D08E973031D}.Release|x86.ActiveCfg = Release|Any CPU
		{CEBC64E1-B4E3-4C6E-8601-6D08E973031D}.Release|x86.Build.0 = Release|Any CPU
		{8B420FA6-8D30-4BAE-8045-9D641039AD31}.CD_ROM|Any CPU.ActiveCfg = Release|x86
		{8B420FA6-8D30-4BAE-8045-9D641039AD31}.CD_ROM|Any CPU.Build.0 = Release|x86
		{8B420FA6-8D30-4BAE-8045-9D641039AD31}.CD_ROM|Default.ActiveCfg = Debug|x86
		{8B420FA6-8D30-4BAE-8045-9D641039AD31}.CD_ROM|Default.Build.0 = Debug|x86
		{8B420FA6-8D30-4BAE-8045-9D641039AD31}.CD_ROM|x64.ActiveCfg = Release|x64
		{8B420FA6-8D30-4BAE-8045-9D641039AD31}.CD_ROM|x64.Build.0 = Release|x64
		{8B420FA6-8D30-4BAE-8045-9D641039AD31}.CD_ROM|x86.ActiveCfg = Debug|x86
		{8B420FA6-8D30-4BAE-8045-9D641039AD31}.CD_ROM|x86.Build.0 = Debug|x86
		{8B420FA6-8D30-4BAE-8045-9D641039AD31}.Custom|Any CPU.ActiveCfg = Release|x64
		{8B420FA6-8D30-4BAE-8045-9D641039AD31}.Custom|Any CPU.Build.0 = Release|x64
		{8B420FA6-8D30-4BAE-8045-9D641039AD31}.Custom|Default.ActiveCfg = Release|x64
		{8B420FA6-8D30-4BAE-8045-9D641039AD31}.Custom|Default.Build.0 = Release|x64
		{8B420FA6-8D30-4BAE-8045-9D641039AD31}.Custom|x64.ActiveCfg = Release|x64
		{8B420FA6-8D30-4BAE-8045-9D641039AD31}.Custom|x64.Build.0 = Release|x64
		{8B420FA6-8D30-4BAE-8045-9D641039AD31}.Custom|x86.ActiveCfg = Debug|x86
		{8B420FA6-8D30-4BAE-8045-9D641039AD31}.Custom|x86.Build.0 = Debug|x86
		{8B420FA6-8D30-4BAE-8045-9D641039AD31}.Debug|Any CPU.ActiveCfg = Debug|x86
		{8B420FA6-8D30-4BAE-8045-9D641039AD31}.Debug|Any CPU.Build.0 = Debug|x86
		{8B420FA6-8D30-4BAE-8045-9D641039AD31}.Debug|Default.ActiveCfg = Debug|x86
		{8B420FA6-8D30-4BAE-8045-9D641039AD31}.Debug|x64.ActiveCfg = Debug|x64
		{8B420FA6-8D30-4BAE-8045-9D641039AD31}.Debug|x64.Build.0 = Debug|x64
		{8B420FA6-8D30-4BAE-8045-9D641039AD31}.Debug|x86.ActiveCfg = Debug|x86
		{8B420FA6-8D30-4BAE-8045-9D641039AD31}.Debug|x86.Build.0 = Debug|x86
		{8B420FA6-8D30-4BAE-8045-9D641039AD31}.DVD-10|Any CPU.ActiveCfg = Release|x64
		{8B420FA6-8D30-4BAE-8045-9D641039AD31}.DVD-10|Any CPU.Build.0 = Release|x64
		{8B420FA6-8D30-4BAE-8045-9D641039AD31}.DVD-10|Default.ActiveCfg = Release|x64
		{8B420FA6-8D30-4BAE-8045-9D641039AD31}.DVD-10|Default.Build.0 = Release|x64
		{8B420FA6-8D30-4BAE-8045-9D641039AD31}.DVD-10|x64.ActiveCfg = Debug|x64
		{8B420FA6-8D30-4BAE-8045-9D641039AD31}.DVD-10|x64.Build.0 = Debug|x64
		{8B420FA6-8D30-4BAE-8045-9D641039AD31}.DVD-10|x86.ActiveCfg = Debug|x86
		{8B420FA6-8D30-4BAE-8045-9D641039AD31}.DVD-10|x86.Build.0 = Debug|x86
		{8B420FA6-8D30-4BAE-8045-9D641039AD31}.Release|Any CPU.ActiveCfg = Release|x86
		{8B420FA6-8D30-4BAE-8045-9D641039AD31}.Release|Default.ActiveCfg = Release|x86
		{8B420FA6-8D30-4BAE-8045-9D641039AD31}.Release|x64.ActiveCfg = Release|x64
		{8B420FA6-8D30-4BAE-8045-9D641039AD31}.Release|x64.Build.0 = Release|x64
		{8B420FA6-8D30-4BAE-8045-9D641039AD31}.Release|x86.ActiveCfg = Release|x86
		{8B420FA6-8D30-4BAE-8045-9D641039AD31}.Release|x86.Build.0 = Release|x86
		{87FD9980-4622-4784-A2AF-819D7331A323}.CD_ROM|Any CPU.ActiveCfg = Release|x86
		{87FD9980-4622-4784-A2AF-819D7331A323}.CD_ROM|Any CPU.Build.0 = Release|x86
		{87FD9980-4622-4784-A2AF-819D7331A323}.CD_ROM|Default.ActiveCfg = Debug|x86
		{87FD9980-4622-4784-A2AF-819D7331A323}.CD_ROM|Default.Build.0 = Debug|x86
		{87FD9980-4622-4784-A2AF-819D7331A323}.CD_ROM|x64.ActiveCfg = Release|x64
		{87FD9980-4622-4784-A2AF-819D7331A323}.CD_ROM|x64.Build.0 = Release|x64
		{87FD9980-4622-4784-A2AF-819D7331A323}.CD_ROM|x86.ActiveCfg = Debug|x86
		{87FD9980-4622-4784-A2AF-819D7331A323}.CD_ROM|x86.Build.0 = Debug|x86
		{87FD9980-4622-4784-A2AF-819D7331A323}.Custom|Any CPU.ActiveCfg = Release|x64
		{87FD9980-4622-4784-A2AF-819D7331A323}.Custom|Any CPU.Build.0 = Release|x64
		{87FD9980-4622-4784-A2AF-819D7331A323}.Custom|Default.ActiveCfg = Release|x64
		{87FD9980-4622-4784-A2AF-819D7331A323}.Custom|Default.Build.0 = Release|x64
		{87FD9980-4622-4784-A2AF-819D7331A323}.Custom|x64.ActiveCfg = Release|x64
		{87FD9980-4622-4784-A2AF-819D7331A323}.Custom|x64.Build.0 = Release|x64
		{87FD9980-4622-4784-A2AF-819D7331A323}.Custom|x86.ActiveCfg = Debug|x86
		{87FD9980-4622-4784-A2AF-819D7331A323}.Custom|x86.Build.0 = Debug|x86
		{87FD9980-4622-4784-A2AF-819D7331A323}.Debug|Any CPU.ActiveCfg = Debug|x64
		{87FD9980-4622-4784-A2AF-819D7331A323}.Debug|Any CPU.Build.0 = Debug|x64
		{87FD9980-4622-4784-A2AF-819D7331A323}.Debug|Default.ActiveCfg = Debug|x86
		{87FD9980-4622-4784-A2AF-819D7331A323}.Debug|x64.ActiveCfg = Debug|x64
		{87FD9980-4622-4784-A2AF-819D7331A323}.Debug|x64.Build.0 = Debug|x64
		{87FD9980-4622-4784-A2AF-819D7331A323}.Debug|x86.ActiveCfg = Debug|x86
		{87FD9980-4622-4784-A2AF-819D7331A323}.Debug|x86.Build.0 = Debug|x86
		{87FD9980-4622-4784-A2AF-819D7331A323}.DVD-10|Any CPU.ActiveCfg = Release|x64
		{87FD9980-4622-4784-A2AF-819D7331A323}.DVD-10|Any CPU.Build.0 = Release|x64
		{87FD9980-4622-4784-A2AF-819D7331A323}.DVD-10|Default.ActiveCfg = Release|x64
		{87FD9980-4622-4784-A2AF-819D7331A323}.DVD-10|Default.Build.0 = Release|x64
		{87FD9980-4622-4784-A2AF-819D7331A323}.DVD-10|x64.ActiveCfg = Debug|x64
		{87FD9980-4622-4784-A2AF-819D7331A323}.DVD-10|x64.Build.0 = Debug|x64
		{87FD9980-4622-4784-A2AF-819D7331A323}.DVD-10|x86.ActiveCfg = Debug|x86
		{87FD9980-4622-4784-A2AF-819D7331A323}.DVD-10|x86.Build.0 = Debug|x86
		{87FD9980-4622-4784-A2AF-819D7331A323}.Release|Any CPU.ActiveCfg = Release|x86
		{87FD9980-4622-4784-A2AF-819D7331A323}.Release|Default.ActiveCfg = Release|x86
		{87FD9980-4622-4784-A2AF-819D7331A323}.Release|x64.ActiveCfg = Release|x64
		{87FD9980-4622-4784-A2AF-819D7331A323}.Release|x64.Build.0 = Release|x64
		{87FD9980-4622-4784-A2AF-819D7331A323}.Release|x86.ActiveCfg = Release|x86
		{87FD9980-4622-4784-A2AF-819D7331A323}.Release|x86.Build.0 = Release|x86
	EndGlobalSection
	GlobalSection(SolutionProperties) = preSolution
		HideSolutionNode = FALSE
	EndGlobalSection
	GlobalSection(ExtensibilityGlobals) = postSolution
		SolutionGuid = {DF8016C5-99EB-4967-B39D-92FABC295E8D}
	EndGlobalSection
	GlobalSection(SolutionConfigurationPlatforms) = preSolution
		CD_ROM|Any CPU = CD_ROM|Any CPU
		CD_ROM|Default = CD_ROM|Default
		CD_ROM|x64 = CD_ROM|x64
		CD_ROM|x86 = CD_ROM|x86
		Custom|Any CPU = Custom|Any CPU
		Custom|Default = Custom|Default
		Custom|x64 = Custom|x64
		Custom|x86 = Custom|x86
		Debug|Any CPU = Debug|Any CPU
		Debug|Default = Debug|Default
		Debug|x64 = Debug|x64
		Debug|x86 = Debug|x86
		DVD-10|Any CPU = DVD-10|Any CPU
		DVD-10|Default = DVD-10|Default
		DVD-10|x64 = DVD-10|x64
		DVD-10|x86 = DVD-10|x86
	EndGlobalSection
	GlobalSection(SolutionConfigurationPlatforms) = preSolution
		CD_ROM|Any CPU = CD_ROM|Any CPU
		CD_ROM|Default = CD_ROM|Default
		CD_ROM|x64 = CD_ROM|x64
		CD_ROM|x86 = CD_ROM|x86
		Custom|Any CPU = Custom|Any CPU
		Custom|Default = Custom|Default
		Custom|x64 = Custom|x64
		Custom|x86 = Custom|x86
		Debug|Any CPU = Debug|Any CPU
		Debug|Default = Debug|Default
		Debug|x64 = Debug|x64
		Debug|x86 = Debug|x86
	EndGlobalSection
	GlobalSection(SolutionConfigurationPlatforms) = preSolution
		CD_ROM|Any CPU = CD_ROM|Any CPU
		CD_ROM|Default = CD_ROM|Default
		CD_ROM|x64 = CD_ROM|x64
		CD_ROM|x86 = CD_ROM|x86
		Custom|Any CPU = Custom|Any CPU
		Custom|Default = Custom|Default
		Custom|x64 = Custom|x64
		Custom|x86 = Custom|x86
	EndGlobalSection
	GlobalSection(SolutionConfigurationPlatforms) = preSolution
		CD_ROM|Any CPU = CD_ROM|Any CPU
		CD_ROM|Default = CD_ROM|Default
		CD_ROM|x86 = CD_ROM|x86
		Custom|Any CPU = Custom|Any CPU
		Custom|Default = Custom|Default
		Custom|x86 = Custom|x86
	EndGlobalSection
	GlobalSection(SolutionConfigurationPlatforms) = preSolution
		CD_ROM|Any CPU = CD_ROM|Any CPU
		CD_ROM|Default = CD_ROM|Default
		CD_ROM|x64 = CD_ROM|x64
		CD_ROM|x86 = CD_ROM|x86
		Custom|Any CPU = Custom|Any CPU
		Custom|Default = Custom|Default
		Custom|x64 = Custom|x64
		Custom|x86 = Custom|x86
		Debug|Any CPU = Debug|Any CPU
		Debug|Default = Debug|Default
		Debug|x64 = Debug|x64
		Debug|x86 = Debug|x86
		DVD-10|Any CPU = DVD-10|Any CPU
		DVD-10|Default = DVD-10|Default
		DVD-10|x64 = DVD-10|x64
		DVD-10|x86 = DVD-10|x86
		Release|Any CPU = Release|Any CPU
		Release|Default = Release|Default
		Release|x64 = Release|x64
		Release|x86 = Release|x86
	EndGlobalSection
	GlobalSection(SolutionConfigurationPlatforms) = preSolution
		CD_ROM|Any CPU = CD_ROM|Any CPU
		CD_ROM|Default = CD_ROM|Default
		CD_ROM|x86 = CD_ROM|x86
		Debug|Any CPU = Debug|Any CPU
		Debug|Default = Debug|Default
		Debug|x86 = Debug|x86
		Release|Any CPU = Release|Any CPU
		Release|Default = Release|Default
		Release|x86 = Release|x86
	EndGlobalSection
	GlobalSection(SolutionConfigurationPlatforms) = preSolution
		CD_ROM|Any CPU = CD_ROM|Any CPU
		CD_ROM|Default = CD_ROM|Default
		Custom|Any CPU = Custom|Any CPU
		Custom|Default = Custom|Default
		Debug|Any CPU = Debug|Any CPU
		Debug|Default = Debug|Default
		DVD-10|Any CPU = DVD-10|Any CPU
		DVD-10|Default = DVD-10|Default
		DVD-18|Any CPU = DVD-18|Any CPU
		DVD-18|Default = DVD-18|Default
		DVD-5|Any CPU = DVD-5|Any CPU
		DVD-5|Default = DVD-5|Default
		DVD-9|Any CPU = DVD-9|Any CPU
		DVD-9|Default = DVD-9|Default
		Release|Any CPU = Release|Any CPU
		Release|Default = Release|Default
		SingleImage|Any CPU = SingleImage|Any CPU
		SingleImage|Default = SingleImage|Default
		WebDeployment|Any CPU = WebDeployment|Any CPU
		WebDeployment|Default = WebDeployment|Default
	EndGlobalSection
EndGlobal
